
Microsoft Visual Studio Solution File, Format Version 12.00
# Visual Studio Version 16
VisualStudioVersion = 16.0.30907.101
MinimumVisualStudioVersion = 10.0.40219.1
Project("{8BC9CEB8-8B4A-11D0-8D11-00A0C91BC942}") = "fheroes2.tests", "fheroes2.tests.vcxproj", "{CE90AD6D-8D2A-40F6-8D51-FDE5534C9505}"
EndProject
Project("{8BC9CEB8-8B4A-11D0-8D11-00A0C91BC942}") = "82m2wav", "src\tools\82m2wav.vcxproj", "{7E7C31A1-F44F-442D-9F59-93EA0D9EEB04}"
EndProject
Project("{8BC9CEB8-8B4A-11D0-8D11-00A0C91BC942}") = "bin2txt", "src\tools\bin2txt.vcxproj", "{912290E1-054C-49DF-B707-197BB6095963}"
EndProject
Project("{8BC9CEB8-8B4A-11D0-8D11-00A0C91BC942}") = "extractor", "src\tools\extractor.vcxproj", "{A5447356-473D-44F0-B269-01CEF05E0ACF}"
EndProject
Project("{8BC9CEB8-8B4A-11D0-8D11-00A0C91BC942}") = "icn2img", "src\tools\icn2img.vcxproj", "{F0EFD68B-4627-4787-B57A-3FF5F6D8EA65}"
EndProject
Project("{8BC9CEB8-8B4A-11D0-8D11-00A0C91BC942}") = "til2img", "src\tools\til2img.vcxproj", "{93C65864-B300-4957-855C-3316FD9C4000}"
EndProject
Project("{8BC9CEB8-8B4A-11D0-8D11-00A0C91BC942}") = "xmi2mid", "src\tools\xmi2mid.vcxproj", "{DB81EEEA-E8D2-4CBE-A1FC-771DD2F90C22}"
EndProject
Project("{8BC9CEB8-8B4A-11D0-8D11-00A0C91BC942}") = "fheroes2-vs2019", "fheroes2-vs2019.vcxproj", "{DD8F214C-C405-4951-8F98-66B969BA8E08}"
EndProject
Global
	GlobalSection(SolutionConfigurationPlatforms) = preSolution
		Debug|x64 = Debug|x64
		Debug|x86 = Debug|x86
		Debug-SDL1|x64 = Debug-SDL1|x64
		Debug-SDL1|x86 = Debug-SDL1|x86
		Debug-SDL2|x64 = Debug-SDL2|x64
		Debug-SDL2|x86 = Debug-SDL2|x86
		Release|x64 = Release|x64
		Release|x86 = Release|x86
		Release-SDL1|x64 = Release-SDL1|x64
		Release-SDL1|x86 = Release-SDL1|x86
		Release-SDL2|x64 = Release-SDL2|x64
		Release-SDL2|x86 = Release-SDL2|x86
	EndGlobalSection
	GlobalSection(ProjectConfigurationPlatforms) = postSolution
		{CE90AD6D-8D2A-40F6-8D51-FDE5534C9505}.Debug|x64.ActiveCfg = Debug|x64
		{CE90AD6D-8D2A-40F6-8D51-FDE5534C9505}.Debug|x64.Build.0 = Debug|x64
		{CE90AD6D-8D2A-40F6-8D51-FDE5534C9505}.Debug|x86.ActiveCfg = Debug|Win32
		{CE90AD6D-8D2A-40F6-8D51-FDE5534C9505}.Debug|x86.Build.0 = Debug|Win32
		{CE90AD6D-8D2A-40F6-8D51-FDE5534C9505}.Debug-SDL1|x64.ActiveCfg = Debug-SDL1|x64
		{CE90AD6D-8D2A-40F6-8D51-FDE5534C9505}.Debug-SDL1|x64.Build.0 = Debug-SDL1|x64
		{CE90AD6D-8D2A-40F6-8D51-FDE5534C9505}.Debug-SDL1|x86.ActiveCfg = Debug|Win32
		{CE90AD6D-8D2A-40F6-8D51-FDE5534C9505}.Debug-SDL1|x86.Build.0 = Debug|Win32
		{CE90AD6D-8D2A-40F6-8D51-FDE5534C9505}.Debug-SDL2|x64.ActiveCfg = Debug|x64
		{CE90AD6D-8D2A-40F6-8D51-FDE5534C9505}.Debug-SDL2|x64.Build.0 = Debug|x64
		{CE90AD6D-8D2A-40F6-8D51-FDE5534C9505}.Debug-SDL2|x86.ActiveCfg = Debug|Win32
		{CE90AD6D-8D2A-40F6-8D51-FDE5534C9505}.Debug-SDL2|x86.Build.0 = Debug|Win32
		{CE90AD6D-8D2A-40F6-8D51-FDE5534C9505}.Release|x64.ActiveCfg = Release|x64
		{CE90AD6D-8D2A-40F6-8D51-FDE5534C9505}.Release|x64.Build.0 = Release|x64
		{CE90AD6D-8D2A-40F6-8D51-FDE5534C9505}.Release|x86.ActiveCfg = Release|Win32
		{CE90AD6D-8D2A-40F6-8D51-FDE5534C9505}.Release|x86.Build.0 = Release|Win32
		{CE90AD6D-8D2A-40F6-8D51-FDE5534C9505}.Release-SDL1|x64.ActiveCfg = Release|x64
		{CE90AD6D-8D2A-40F6-8D51-FDE5534C9505}.Release-SDL1|x64.Build.0 = Release|x64
		{CE90AD6D-8D2A-40F6-8D51-FDE5534C9505}.Release-SDL1|x86.ActiveCfg = Release|Win32
		{CE90AD6D-8D2A-40F6-8D51-FDE5534C9505}.Release-SDL1|x86.Build.0 = Release|Win32
		{CE90AD6D-8D2A-40F6-8D51-FDE5534C9505}.Release-SDL2|x64.ActiveCfg = Release|x64
		{CE90AD6D-8D2A-40F6-8D51-FDE5534C9505}.Release-SDL2|x64.Build.0 = Release|x64
		{CE90AD6D-8D2A-40F6-8D51-FDE5534C9505}.Release-SDL2|x86.ActiveCfg = Release|Win32
		{CE90AD6D-8D2A-40F6-8D51-FDE5534C9505}.Release-SDL2|x86.Build.0 = Release|Win32
		{7E7C31A1-F44F-442D-9F59-93EA0D9EEB04}.Debug|x64.ActiveCfg = Debug-SDL1|x64
		{7E7C31A1-F44F-442D-9F59-93EA0D9EEB04}.Debug|x64.Build.0 = Debug-SDL1|x64
		{7E7C31A1-F44F-442D-9F59-93EA0D9EEB04}.Debug|x86.ActiveCfg = Debug-SDL2|Win32
		{7E7C31A1-F44F-442D-9F59-93EA0D9EEB04}.Debug|x86.Build.0 = Debug-SDL2|Win32
		{7E7C31A1-F44F-442D-9F59-93EA0D9EEB04}.Debug-SDL1|x64.ActiveCfg = Debug-SDL1|x64
		{7E7C31A1-F44F-442D-9F59-93EA0D9EEB04}.Debug-SDL1|x64.Build.0 = Debug-SDL1|x64
		{7E7C31A1-F44F-442D-9F59-93EA0D9EEB04}.Debug-SDL1|x86.ActiveCfg = Debug-SDL1|Win32
		{7E7C31A1-F44F-442D-9F59-93EA0D9EEB04}.Debug-SDL1|x86.Build.0 = Debug-SDL1|Win32
		{7E7C31A1-F44F-442D-9F59-93EA0D9EEB04}.Debug-SDL2|x64.ActiveCfg = Debug-SDL2|x64
		{7E7C31A1-F44F-442D-9F59-93EA0D9EEB04}.Debug-SDL2|x64.Build.0 = Debug-SDL2|x64
		{7E7C31A1-F44F-442D-9F59-93EA0D9EEB04}.Debug-SDL2|x86.ActiveCfg = Debug-SDL2|Win32
		{7E7C31A1-F44F-442D-9F59-93EA0D9EEB04}.Debug-SDL2|x86.Build.0 = Debug-SDL2|Win32
		{7E7C31A1-F44F-442D-9F59-93EA0D9EEB04}.Release|x64.ActiveCfg = Release-SDL1|x64
		{7E7C31A1-F44F-442D-9F59-93EA0D9EEB04}.Release|x64.Build.0 = Release-SDL1|x64
		{7E7C31A1-F44F-442D-9F59-93EA0D9EEB04}.Release|x86.ActiveCfg = Release-SDL2|Win32
		{7E7C31A1-F44F-442D-9F59-93EA0D9EEB04}.Release|x86.Build.0 = Release-SDL2|Win32
		{7E7C31A1-F44F-442D-9F59-93EA0D9EEB04}.Release-SDL1|x64.ActiveCfg = Release-SDL1|x64
		{7E7C31A1-F44F-442D-9F59-93EA0D9EEB04}.Release-SDL1|x64.Build.0 = Release-SDL1|x64
		{7E7C31A1-F44F-442D-9F59-93EA0D9EEB04}.Release-SDL1|x86.ActiveCfg = Release-SDL1|Win32
		{7E7C31A1-F44F-442D-9F59-93EA0D9EEB04}.Release-SDL1|x86.Build.0 = Release-SDL1|Win32
		{7E7C31A1-F44F-442D-9F59-93EA0D9EEB04}.Release-SDL2|x64.ActiveCfg = Release-SDL2|x64
		{7E7C31A1-F44F-442D-9F59-93EA0D9EEB04}.Release-SDL2|x64.Build.0 = Release-SDL2|x64
		{7E7C31A1-F44F-442D-9F59-93EA0D9EEB04}.Release-SDL2|x86.ActiveCfg = Release-SDL2|Win32
		{7E7C31A1-F44F-442D-9F59-93EA0D9EEB04}.Release-SDL2|x86.Build.0 = Release-SDL2|Win32
		{912290E1-054C-49DF-B707-197BB6095963}.Debug|x64.ActiveCfg = Debug-SDL1|x64
		{912290E1-054C-49DF-B707-197BB6095963}.Debug|x64.Build.0 = Debug-SDL1|x64
		{912290E1-054C-49DF-B707-197BB6095963}.Debug|x86.ActiveCfg = Debug-SDL2|Win32
		{912290E1-054C-49DF-B707-197BB6095963}.Debug|x86.Build.0 = Debug-SDL2|Win32
		{912290E1-054C-49DF-B707-197BB6095963}.Debug-SDL1|x64.ActiveCfg = Debug-SDL1|x64
		{912290E1-054C-49DF-B707-197BB6095963}.Debug-SDL1|x64.Build.0 = Debug-SDL1|x64
		{912290E1-054C-49DF-B707-197BB6095963}.Debug-SDL1|x86.ActiveCfg = Debug-SDL1|Win32
		{912290E1-054C-49DF-B707-197BB6095963}.Debug-SDL1|x86.Build.0 = Debug-SDL1|Win32
		{912290E1-054C-49DF-B707-197BB6095963}.Debug-SDL2|x64.ActiveCfg = Debug-SDL2|x64
		{912290E1-054C-49DF-B707-197BB6095963}.Debug-SDL2|x64.Build.0 = Debug-SDL2|x64
		{912290E1-054C-49DF-B707-197BB6095963}.Debug-SDL2|x86.ActiveCfg = Debug-SDL2|Win32
		{912290E1-054C-49DF-B707-197BB6095963}.Debug-SDL2|x86.Build.0 = Debug-SDL2|Win32
		{912290E1-054C-49DF-B707-197BB6095963}.Release|x64.ActiveCfg = Release-SDL1|x64
		{912290E1-054C-49DF-B707-197BB6095963}.Release|x64.Build.0 = Release-SDL1|x64
		{912290E1-054C-49DF-B707-197BB6095963}.Release|x86.ActiveCfg = Release-SDL2|Win32
		{912290E1-054C-49DF-B707-197BB6095963}.Release|x86.Build.0 = Release-SDL2|Win32
		{912290E1-054C-49DF-B707-197BB6095963}.Release-SDL1|x64.ActiveCfg = Release-SDL1|x64
		{912290E1-054C-49DF-B707-197BB6095963}.Release-SDL1|x64.Build.0 = Release-SDL1|x64
		{912290E1-054C-49DF-B707-197BB6095963}.Release-SDL1|x86.ActiveCfg = Release-SDL1|Win32
		{912290E1-054C-49DF-B707-197BB6095963}.Release-SDL1|x86.Build.0 = Release-SDL1|Win32
		{912290E1-054C-49DF-B707-197BB6095963}.Release-SDL2|x64.ActiveCfg = Release-SDL2|x64
		{912290E1-054C-49DF-B707-197BB6095963}.Release-SDL2|x64.Build.0 = Release-SDL2|x64
		{912290E1-054C-49DF-B707-197BB6095963}.Release-SDL2|x86.ActiveCfg = Release-SDL2|Win32
		{912290E1-054C-49DF-B707-197BB6095963}.Release-SDL2|x86.Build.0 = Release-SDL2|Win32
		{A5447356-473D-44F0-B269-01CEF05E0ACF}.Debug|x64.ActiveCfg = Debug-SDL1|x64
		{A5447356-473D-44F0-B269-01CEF05E0ACF}.Debug|x64.Build.0 = Debug-SDL1|x64
		{A5447356-473D-44F0-B269-01CEF05E0ACF}.Debug|x86.ActiveCfg = Debug-SDL2|Win32
		{A5447356-473D-44F0-B269-01CEF05E0ACF}.Debug|x86.Build.0 = Debug-SDL2|Win32
		{A5447356-473D-44F0-B269-01CEF05E0ACF}.Debug-SDL1|x64.ActiveCfg = Debug-SDL1|x64
		{A5447356-473D-44F0-B269-01CEF05E0ACF}.Debug-SDL1|x64.Build.0 = Debug-SDL1|x64
		{A5447356-473D-44F0-B269-01CEF05E0ACF}.Debug-SDL1|x86.ActiveCfg = Debug-SDL1|Win32
		{A5447356-473D-44F0-B269-01CEF05E0ACF}.Debug-SDL1|x86.Build.0 = Debug-SDL1|Win32
		{A5447356-473D-44F0-B269-01CEF05E0ACF}.Debug-SDL2|x64.ActiveCfg = Debug-SDL2|x64
		{A5447356-473D-44F0-B269-01CEF05E0ACF}.Debug-SDL2|x64.Build.0 = Debug-SDL2|x64
		{A5447356-473D-44F0-B269-01CEF05E0ACF}.Debug-SDL2|x86.ActiveCfg = Debug-SDL2|Win32
		{A5447356-473D-44F0-B269-01CEF05E0ACF}.Debug-SDL2|x86.Build.0 = Debug-SDL2|Win32
		{A5447356-473D-44F0-B269-01CEF05E0ACF}.Release|x64.ActiveCfg = Release-SDL1|x64
		{A5447356-473D-44F0-B269-01CEF05E0ACF}.Release|x64.Build.0 = Release-SDL1|x64
		{A5447356-473D-44F0-B269-01CEF05E0ACF}.Release|x86.ActiveCfg = Release-SDL2|Win32
		{A5447356-473D-44F0-B269-01CEF05E0ACF}.Release|x86.Build.0 = Release-SDL2|Win32
		{A5447356-473D-44F0-B269-01CEF05E0ACF}.Release-SDL1|x64.ActiveCfg = Release-SDL1|x64
		{A5447356-473D-44F0-B269-01CEF05E0ACF}.Release-SDL1|x64.Build.0 = Release-SDL1|x64
		{A5447356-473D-44F0-B269-01CEF05E0ACF}.Release-SDL1|x86.ActiveCfg = Release-SDL1|Win32
		{A5447356-473D-44F0-B269-01CEF05E0ACF}.Release-SDL1|x86.Build.0 = Release-SDL1|Win32
		{A5447356-473D-44F0-B269-01CEF05E0ACF}.Release-SDL2|x64.ActiveCfg = Release-SDL2|x64
		{A5447356-473D-44F0-B269-01CEF05E0ACF}.Release-SDL2|x64.Build.0 = Release-SDL2|x64
		{A5447356-473D-44F0-B269-01CEF05E0ACF}.Release-SDL2|x86.ActiveCfg = Release-SDL2|Win32
		{A5447356-473D-44F0-B269-01CEF05E0ACF}.Release-SDL2|x86.Build.0 = Release-SDL2|Win32
		{F0EFD68B-4627-4787-B57A-3FF5F6D8EA65}.Debug|x64.ActiveCfg = Debug-SDL1|x64
		{F0EFD68B-4627-4787-B57A-3FF5F6D8EA65}.Debug|x64.Build.0 = Debug-SDL1|x64
		{F0EFD68B-4627-4787-B57A-3FF5F6D8EA65}.Debug|x86.ActiveCfg = Debug-SDL2|Win32
		{F0EFD68B-4627-4787-B57A-3FF5F6D8EA65}.Debug|x86.Build.0 = Debug-SDL2|Win32
		{F0EFD68B-4627-4787-B57A-3FF5F6D8EA65}.Debug-SDL1|x64.ActiveCfg = Debug-SDL1|x64
		{F0EFD68B-4627-4787-B57A-3FF5F6D8EA65}.Debug-SDL1|x64.Build.0 = Debug-SDL1|x64
		{F0EFD68B-4627-4787-B57A-3FF5F6D8EA65}.Debug-SDL1|x86.ActiveCfg = Debug-SDL1|Win32
		{F0EFD68B-4627-4787-B57A-3FF5F6D8EA65}.Debug-SDL1|x86.Build.0 = Debug-SDL1|Win32
		{F0EFD68B-4627-4787-B57A-3FF5F6D8EA65}.Debug-SDL2|x64.ActiveCfg = Debug-SDL2|x64
		{F0EFD68B-4627-4787-B57A-3FF5F6D8EA65}.Debug-SDL2|x64.Build.0 = Debug-SDL2|x64
		{F0EFD68B-4627-4787-B57A-3FF5F6D8EA65}.Debug-SDL2|x86.ActiveCfg = Debug-SDL2|Win32
		{F0EFD68B-4627-4787-B57A-3FF5F6D8EA65}.Debug-SDL2|x86.Build.0 = Debug-SDL2|Win32
		{F0EFD68B-4627-4787-B57A-3FF5F6D8EA65}.Release|x64.ActiveCfg = Release-SDL1|x64
		{F0EFD68B-4627-4787-B57A-3FF5F6D8EA65}.Release|x64.Build.0 = Release-SDL1|x64
		{F0EFD68B-4627-4787-B57A-3FF5F6D8EA65}.Release|x86.ActiveCfg = Release-SDL2|Win32
		{F0EFD68B-4627-4787-B57A-3FF5F6D8EA65}.Release|x86.Build.0 = Release-SDL2|Win32
		{F0EFD68B-4627-4787-B57A-3FF5F6D8EA65}.Release-SDL1|x64.ActiveCfg = Release-SDL1|x64
		{F0EFD68B-4627-4787-B57A-3FF5F6D8EA65}.Release-SDL1|x64.Build.0 = Release-SDL1|x64
		{F0EFD68B-4627-4787-B57A-3FF5F6D8EA65}.Release-SDL1|x86.ActiveCfg = Release-SDL1|Win32
		{F0EFD68B-4627-4787-B57A-3FF5F6D8EA65}.Release-SDL1|x86.Build.0 = Release-SDL1|Win32
		{F0EFD68B-4627-4787-B57A-3FF5F6D8EA65}.Release-SDL2|x64.ActiveCfg = Release-SDL2|x64
		{F0EFD68B-4627-4787-B57A-3FF5F6D8EA65}.Release-SDL2|x64.Build.0 = Release-SDL2|x64
		{F0EFD68B-4627-4787-B57A-3FF5F6D8EA65}.Release-SDL2|x86.ActiveCfg = Release-SDL2|Win32
		{F0EFD68B-4627-4787-B57A-3FF5F6D8EA65}.Release-SDL2|x86.Build.0 = Release-SDL2|Win32
		{93C65864-B300-4957-855C-3316FD9C4000}.Debug|x64.ActiveCfg = Debug-SDL1|x64
		{93C65864-B300-4957-855C-3316FD9C4000}.Debug|x64.Build.0 = Debug-SDL1|x64
		{93C65864-B300-4957-855C-3316FD9C4000}.Debug|x86.ActiveCfg = Debug-SDL2|Win32
		{93C65864-B300-4957-855C-3316FD9C4000}.Debug|x86.Build.0 = Debug-SDL2|Win32
		{93C65864-B300-4957-855C-3316FD9C4000}.Debug-SDL1|x64.ActiveCfg = Debug-SDL1|x64
		{93C65864-B300-4957-855C-3316FD9C4000}.Debug-SDL1|x64.Build.0 = Debug-SDL1|x64
		{93C65864-B300-4957-855C-3316FD9C4000}.Debug-SDL1|x86.ActiveCfg = Debug-SDL1|Win32
		{93C65864-B300-4957-855C-3316FD9C4000}.Debug-SDL1|x86.Build.0 = Debug-SDL1|Win32
		{93C65864-B300-4957-855C-3316FD9C4000}.Debug-SDL2|x64.ActiveCfg = Debug-SDL2|x64
		{93C65864-B300-4957-855C-3316FD9C4000}.Debug-SDL2|x64.Build.0 = Debug-SDL2|x64
		{93C65864-B300-4957-855C-3316FD9C4000}.Debug-SDL2|x86.ActiveCfg = Debug-SDL2|Win32
		{93C65864-B300-4957-855C-3316FD9C4000}.Debug-SDL2|x86.Build.0 = Debug-SDL2|Win32
		{93C65864-B300-4957-855C-3316FD9C4000}.Release|x64.ActiveCfg = Release-SDL1|x64
		{93C65864-B300-4957-855C-3316FD9C4000}.Release|x64.Build.0 = Release-SDL1|x64
		{93C65864-B300-4957-855C-3316FD9C4000}.Release|x86.ActiveCfg = Release-SDL2|Win32
		{93C65864-B300-4957-855C-3316FD9C4000}.Release|x86.Build.0 = Release-SDL2|Win32
		{93C65864-B300-4957-855C-3316FD9C4000}.Release-SDL1|x64.ActiveCfg = Release-SDL1|x64
		{93C65864-B300-4957-855C-3316FD9C4000}.Release-SDL1|x64.Build.0 = Release-SDL1|x64
		{93C65864-B300-4957-855C-3316FD9C4000}.Release-SDL1|x86.ActiveCfg = Release-SDL1|Win32
		{93C65864-B300-4957-855C-3316FD9C4000}.Release-SDL1|x86.Build.0 = Release-SDL1|Win32
		{93C65864-B300-4957-855C-3316FD9C4000}.Release-SDL2|x64.ActiveCfg = Release-SDL2|x64
		{93C65864-B300-4957-855C-3316FD9C4000}.Release-SDL2|x64.Build.0 = Release-SDL2|x64
		{93C65864-B300-4957-855C-3316FD9C4000}.Release-SDL2|x86.ActiveCfg = Release-SDL2|Win32
		{93C65864-B300-4957-855C-3316FD9C4000}.Release-SDL2|x86.Build.0 = Release-SDL2|Win32
		{DB81EEEA-E8D2-4CBE-A1FC-771DD2F90C22}.Debug|x64.ActiveCfg = Debug-SDL1|x64
		{DB81EEEA-E8D2-4CBE-A1FC-771DD2F90C22}.Debug|x64.Build.0 = Debug-SDL1|x64
		{DB81EEEA-E8D2-4CBE-A1FC-771DD2F90C22}.Debug|x86.ActiveCfg = Debug-SDL2|Win32
		{DB81EEEA-E8D2-4CBE-A1FC-771DD2F90C22}.Debug|x86.Build.0 = Debug-SDL2|Win32
		{DB81EEEA-E8D2-4CBE-A1FC-771DD2F90C22}.Debug-SDL1|x64.ActiveCfg = Debug-SDL1|x64
		{DB81EEEA-E8D2-4CBE-A1FC-771DD2F90C22}.Debug-SDL1|x64.Build.0 = Debug-SDL1|x64
		{DB81EEEA-E8D2-4CBE-A1FC-771DD2F90C22}.Debug-SDL1|x86.ActiveCfg = Debug-SDL1|Win32
		{DB81EEEA-E8D2-4CBE-A1FC-771DD2F90C22}.Debug-SDL1|x86.Build.0 = Debug-SDL1|Win32
		{DB81EEEA-E8D2-4CBE-A1FC-771DD2F90C22}.Debug-SDL2|x64.ActiveCfg = Debug-SDL2|x64
		{DB81EEEA-E8D2-4CBE-A1FC-771DD2F90C22}.Debug-SDL2|x64.Build.0 = Debug-SDL2|x64
		{DB81EEEA-E8D2-4CBE-A1FC-771DD2F90C22}.Debug-SDL2|x86.ActiveCfg = Debug-SDL2|Win32
		{DB81EEEA-E8D2-4CBE-A1FC-771DD2F90C22}.Debug-SDL2|x86.Build.0 = Debug-SDL2|Win32
		{DB81EEEA-E8D2-4CBE-A1FC-771DD2F90C22}.Release|x64.ActiveCfg = Release-SDL1|x64
		{DB81EEEA-E8D2-4CBE-A1FC-771DD2F90C22}.Release|x64.Build.0 = Release-SDL1|x64
		{DB81EEEA-E8D2-4CBE-A1FC-771DD2F90C22}.Release|x86.ActiveCfg = Release-SDL2|Win32
		{DB81EEEA-E8D2-4CBE-A1FC-771DD2F90C22}.Release|x86.Build.0 = Release-SDL2|Win32
		{DB81EEEA-E8D2-4CBE-A1FC-771DD2F90C22}.Release-SDL1|x64.ActiveCfg = Release-SDL1|x64
		{DB81EEEA-E8D2-4CBE-A1FC-771DD2F90C22}.Release-SDL1|x64.Build.0 = Release-SDL1|x64
		{DB81EEEA-E8D2-4CBE-A1FC-771DD2F90C22}.Release-SDL1|x86.ActiveCfg = Release-SDL1|Win32
		{DB81EEEA-E8D2-4CBE-A1FC-771DD2F90C22}.Release-SDL1|x86.Build.0 = Release-SDL1|Win32
		{DB81EEEA-E8D2-4CBE-A1FC-771DD2F90C22}.Release-SDL2|x64.ActiveCfg = Release-SDL2|x64
		{DB81EEEA-E8D2-4CBE-A1FC-771DD2F90C22}.Release-SDL2|x64.Build.0 = Release-SDL2|x64
		{DB81EEEA-E8D2-4CBE-A1FC-771DD2F90C22}.Release-SDL2|x86.ActiveCfg = Release-SDL2|Win32
		{DB81EEEA-E8D2-4CBE-A1FC-771DD2F90C22}.Release-SDL2|x86.Build.0 = Release-SDL2|Win32
		{DD8F214C-C405-4951-8F98-66B969BA8E08}.Debug|x64.ActiveCfg = Debug-SDL1|x64
		{DD8F214C-C405-4951-8F98-66B969BA8E08}.Debug|x64.Build.0 = Debug-SDL1|x64
		{DD8F214C-C405-4951-8F98-66B969BA8E08}.Debug|x86.ActiveCfg = Debug-SDL2|Win32
		{DD8F214C-C405-4951-8F98-66B969BA8E08}.Debug|x86.Build.0 = Debug-SDL2|Win32
		{DD8F214C-C405-4951-8F98-66B969BA8E08}.Debug-SDL1|x64.ActiveCfg = Debug-SDL1|x64
		{DD8F214C-C405-4951-8F98-66B969BA8E08}.Debug-SDL1|x64.Build.0 = Debug-SDL1|x64
		{DD8F214C-C405-4951-8F98-66B969BA8E08}.Debug-SDL1|x86.ActiveCfg = Debug-SDL1|Win32
		{DD8F214C-C405-4951-8F98-66B969BA8E08}.Debug-SDL1|x86.Build.0 = Debug-SDL1|Win32
		{DD8F214C-C405-4951-8F98-66B969BA8E08}.Debug-SDL2|x64.ActiveCfg = Debug-SDL2|x64
		{DD8F214C-C405-4951-8F98-66B969BA8E08}.Debug-SDL2|x64.Build.0 = Debug-SDL2|x64
		{DD8F214C-C405-4951-8F98-66B969BA8E08}.Debug-SDL2|x86.ActiveCfg = Debug-SDL2|Win32
		{DD8F214C-C405-4951-8F98-66B969BA8E08}.Debug-SDL2|x86.Build.0 = Debug-SDL2|Win32
		{DD8F214C-C405-4951-8F98-66B969BA8E08}.Release|x64.ActiveCfg = Release-SDL1|x64
		{DD8F214C-C405-4951-8F98-66B969BA8E08}.Release|x64.Build.0 = Release-SDL1|x64
		{DD8F214C-C405-4951-8F98-66B969BA8E08}.Release|x86.ActiveCfg = Release-SDL2|Win32
		{DD8F214C-C405-4951-8F98-66B969BA8E08}.Release|x86.Build.0 = Release-SDL2|Win32
		{DD8F214C-C405-4951-8F98-66B969BA8E08}.Release-SDL1|x64.ActiveCfg = Release-SDL1|x64
		{DD8F214C-C405-4951-8F98-66B969BA8E08}.Release-SDL1|x64.Build.0 = Release-SDL1|x64
		{DD8F214C-C405-4951-8F98-66B969BA8E08}.Release-SDL1|x86.ActiveCfg = Release-SDL1|Win32
		{DD8F214C-C405-4951-8F98-66B969BA8E08}.Release-SDL1|x86.Build.0 = Release-SDL1|Win32
		{DD8F214C-C405-4951-8F98-66B969BA8E08}.Release-SDL2|x64.ActiveCfg = Release-SDL2|x64
		{DD8F214C-C405-4951-8F98-66B969BA8E08}.Release-SDL2|x64.Build.0 = Release-SDL2|x64
		{DD8F214C-C405-4951-8F98-66B969BA8E08}.Release-SDL2|x86.ActiveCfg = Release-SDL2|Win32
		{DD8F214C-C405-4951-8F98-66B969BA8E08}.Release-SDL2|x86.Build.0 = Release-SDL2|Win32
	EndGlobalSection
	GlobalSection(SolutionProperties) = preSolution
		HideSolutionNode = FALSE
	EndGlobalSection
	GlobalSection(ExtensibilityGlobals) = postSolution
		SolutionGuid = {524AB786-0A64-40E5-BFC7-152CCF4DEA83}
	EndGlobalSection
EndGlobal
